<?xml version="1.0" encoding="utf-8"?>
<Project ToolsVersion="4.0" xmlns="http://schemas.microsoft.com/developer/msbuild/2003">
  <ItemGroup>
    <Filter Include="Source Files">
      <UniqueIdentifier>{4FC737F1-C7A5-4376-A066-2A32D752A2FF}</UniqueIdentifier>
      <Extensions>cpp;c;cc;cxx;c++;cppm;ixx;def;odl;idl;hpj;bat;asm;asmx</Extensions>
    </Filter>
    <Filter Include="Header Files">
      <UniqueIdentifier>{93995380-89BD-4b04-88EB-625FBE52EBFB}</UniqueIdentifier>
      <Extensions>h;hh;hpp;hxx;h++;hm;inl;inc;ipp;xsd</Extensions>
    </Filter>
    <Filter Include="Resource Files">
      <UniqueIdentifier>{67DA6AB6-F800-4c08-8B7A-83BB121AAD01}</UniqueIdentifier>
      <Extensions>rc;ico;cur;bmp;dlg;rc2;rct;bin;rgs;gif;jpg;jpeg;jpe;resx;tiff;tif;png;wav;mfcribbon-ms</Extensions>
    </Filter>
    <Filter Include="Header Files\Core">
      <UniqueIdentifier>{748b7bec-356e-4030-9475-be875c54f469}</UniqueIdentifier>
    </Filter>
    <Filter Include="Header Files\Staff">
      <UniqueIdentifier>{a286aa8d-80cf-4558-9f19-3516ea0110c8}</UniqueIdentifier>
    </Filter>
    <Filter Include="Header Files\s">
      <UniqueIdentifier>{b6fdf454-e06d-4acd-8acc-5328300123b5}</UniqueIdentifier>
    </Filter>
  </ItemGroup>
  <ItemGroup>
    <ClInclude Include="Staff\Staff.h">
      <Filter>Header Files</Filter>
    </ClInclude>
    <ClInclude Include="Staff\Staffservice.h">
      <Filter>Header Files</Filter>
    </ClInclude>
    <ClInclude Include="External\ansi.h">
      <Filter>Header Files</Filter>
    </ClInclude>
    <ClInclude Include="Product\Product.h">
      <Filter>Header Files</Filter>
    </ClInclude>
    <ClInclude Include="Sale\Sale.h">
      <Filter>Header Files</Filter>
    </ClInclude>
    <ClInclude Include="Sale\Cart.h">
      <Filter>Header Files</Filter>
    </ClInclude>
    <ClInclude Include="Supplier\Supplier.h">
      <Filter>Header Files</Filter>
    </ClInclude>
    <ClInclude Include="Stockorder\Stockorder.h">
      <Filter>Header Files</Filter>
    </ClInclude>
    <ClInclude Include="Inventory\Inventory.h">
      <Filter>Header Files</Filter>
    </ClInclude>
    <ClInclude Include="Core\Database.h">
      <Filter>Header Files\Core</Filter>
    </ClInclude>
    <ClInclude Include="Core\Utils.h">
      <Filter>Header Files\Core</Filter>
    </ClInclude>
    <ClInclude Include="Core\Application.h">
      <Filter>Header Files\Core</Filter>
    </ClInclude>
  </ItemGroup>
  <ItemGroup>
    <ClCompile Include="Core\Database.cpp">
      <Filter>Source Files</Filter>
    </ClCompile>
    <ClCompile Include="Core\Utils.cpp">
      <Filter>Source Files</Filter>
    </ClCompile>
    <ClCompile Include="Staff\Staff.cpp">
      <Filter>Source Files</Filter>
    </ClCompile>
    <ClCompile Include="Core\Application.cpp">
      <Filter>Source Files</Filter>
    </ClCompile>
    <ClCompile Include="Staff\Staffservice.cpp">
      <Filter>Source Files</Filter>
    </ClCompile>
    <ClCompile Include="Product\Product.cpp">
      <Filter>Source Files</Filter>
    </ClCompile>
    <ClCompile Include="Sale\Sale.cpp">
      <Filter>Source Files</Filter>
    </ClCompile>
    <ClCompile Include="Sale\Cart.cpp">
      <Filter>Source Files</Filter>
    </ClCompile>
    <ClCompile Include="Supplier\Supplier.cpp">
      <Filter>Source Files</Filter>
    </ClCompile>
    <ClCompile Include="Stockorder\Stockorder.cpp">
      <Filter>Source Files</Filter>
    </ClCompile>
    <ClCompile Include="Inventory\Inventory.cpp">
      <Filter>Source Files</Filter>
    </ClCompile>
    <ClCompile Include="Report\Reportservice.h">
      <Filter>Header Files</Filter>
    </ClCompile>
    <ClCompile Include="Report\Reportservice.cpp">
      <Filter>Source Files</Filter>
    </ClCompile>
    <ClCompile Include="main.cpp">
      <Filter>Source Files</Filter>
    </ClCompile>
  </ItemGroup>
</Project>